
Microsoft Visual Studio Solution File, Format Version 12.00
# Visual Studio Version 17
VisualStudioVersion = 17.14.36202.13 d17.14
MinimumVisualStudioVersion = 10.0.40219.1
Project("{FAE04EC0-301F-11D3-BF4B-00C04F79EFBC}") = "Myproject01", "Myproject01\Myproject01.csproj", "{160A4D9D-2E77-40D3-9E86-37104E6B602D}"
EndProject
Global
	GlobalSection(SolutionConfigurationPlatforms) = preSolution
		Debug|Any CPU = Debug|Any CPU
		Release|Any CPU = Release|Any CPU
	EndGlobalSection
	GlobalSection(ProjectConfigurationPlatforms) = postSolution
		{160A4D9D-2E77-40D3-9E86-37104E6B602D}.Debug|Any CPU.ActiveCfg = Debug|Any CPU
		{160A4D9D-2E77-40D3-9E86-37104E6B602D}.Debug|Any CPU.Build.0 = Debug|Any CPU
		{160A4D9D-2E77-40D3-9E86-37104E6B602D}.Release|Any CPU.ActiveCfg = Release|Any CPU
		{160A4D9D-2E77-40D3-9E86-37104E6B602D}.Release|Any CPU.Build.0 = Release|Any CPU
	EndGlobalSection
	GlobalSection(SolutionProperties) = preSolution
		HideSolutionNode = FALSE
	EndGlobalSection
	GlobalSection(ExtensibilityGlobals) = postSolution
		SolutionGuid = {C459E0B6-C211-419F-87E1-FD2FC53D4666}
	EndGlobalSection
EndGlobal
